// !$*UTF8*$!
{
	archiveVersion = 1;
	classes = {
	};
	objectVersion = 52;
	objects = {

/* Begin PBXBuildFile section */
		6F969C7A26944ABB005EF024 /* AppDelegate.swift in Sources */ = {isa = PBXBuildFile; fileRef = 6F969C7926944ABB005EF024 /* AppDelegate.swift */; };
		6F969C7C26944ABB005EF024 /* SceneDelegate.swift in Sources */ = {isa = PBXBuildFile; fileRef = 6F969C7B26944ABB005EF024 /* SceneDelegate.swift */; };
		6F969C7E26944ABB005EF024 /* MainViewController.swift in Sources */ = {isa = PBXBuildFile; fileRef = 6F969C7D26944ABB005EF024 /* MainViewController.swift */; };
		6F969C8126944ABB005EF024 /* Main.storyboard in Resources */ = {isa = PBXBuildFile; fileRef = 6F969C7F26944ABB005EF024 /* Main.storyboard */; };
		6F969C8326944ABF005EF024 /* Assets.xcassets in Resources */ = {isa = PBXBuildFile; fileRef = 6F969C8226944ABF005EF024 /* Assets.xcassets */; };
		6F969C8626944ABF005EF024 /* LaunchScreen.storyboard in Resources */ = {isa = PBXBuildFile; fileRef = 6F969C8426944ABF005EF024 /* LaunchScreen.storyboard */; };
		6F969C9126944AC0005EF024 /* TrendingProjectsTests.swift in Sources */ = {isa = PBXBuildFile; fileRef = 6F969C9026944AC0005EF024 /* TrendingProjectsTests.swift */; };
		6F969C9C26944AC0005EF024 /* TrendingProjectsUITests.swift in Sources */ = {isa = PBXBuildFile; fileRef = 6F969C9B26944AC0005EF024 /* TrendingProjectsUITests.swift */; };
		6F969CAB2694523D005EF024 /* Alamofire in Frameworks */ = {isa = PBXBuildFile; productRef = 6F969CAA2694523D005EF024 /* Alamofire */; };
		6F969CB4269472A6005EF024 /* TrendingProjectsModels.swift in Sources */ = {isa = PBXBuildFile; fileRef = 6F969CAE269472A6005EF024 /* TrendingProjectsModels.swift */; };
		6F969CB5269472A6005EF024 /* TrendingProjectsPresenter.swift in Sources */ = {isa = PBXBuildFile; fileRef = 6F969CAF269472A6005EF024 /* TrendingProjectsPresenter.swift */; };
		6F969CB6269472A6005EF024 /* TrendingProjectsViewController.swift in Sources */ = {isa = PBXBuildFile; fileRef = 6F969CB0269472A6005EF024 /* TrendingProjectsViewController.swift */; };
		6F969CB7269472A6005EF024 /* TrendingProjectsConfigurator.swift in Sources */ = {isa = PBXBuildFile; fileRef = 6F969CB1269472A6005EF024 /* TrendingProjectsConfigurator.swift */; };
		6F969CB8269472A6005EF024 /* TrendingProjectsRouter.swift in Sources */ = {isa = PBXBuildFile; fileRef = 6F969CB2269472A6005EF024 /* TrendingProjectsRouter.swift */; };
		6F969CB9269472A6005EF024 /* TrendingProjectsInteractor.swift in Sources */ = {isa = PBXBuildFile; fileRef = 6F969CB3269472A6005EF024 /* TrendingProjectsInteractor.swift */; };
		6F969CBB269472EC005EF024 /* RepositoryRepresentation.swift in Sources */ = {isa = PBXBuildFile; fileRef = 6F969CBA269472EC005EF024 /* RepositoryRepresentation.swift */; };
		6F969CC026947312005EF024 /* TrendingProjectsRequest.swift in Sources */ = {isa = PBXBuildFile; fileRef = 6F969CBC26947312005EF024 /* TrendingProjectsRequest.swift */; };
		6F969CC126947312005EF024 /* APIClient.swift in Sources */ = {isa = PBXBuildFile; fileRef = 6F969CBD26947312005EF024 /* APIClient.swift */; };
		6F969CC226947312005EF024 /* APIEndpoint.swift in Sources */ = {isa = PBXBuildFile; fileRef = 6F969CBE26947312005EF024 /* APIEndpoint.swift */; };
		6F969CC326947312005EF024 /* TrendingProjectsAPIClient.swift in Sources */ = {isa = PBXBuildFile; fileRef = 6F969CBF26947312005EF024 /* TrendingProjectsAPIClient.swift */; };
		6F969CCD2694735C005EF024 /* UITableView+Extension.swift in Sources */ = {isa = PBXBuildFile; fileRef = 6F969CCA2694735B005EF024 /* UITableView+Extension.swift */; };
		6F969CCE2694735C005EF024 /* UITableViewCell+CellProtocol.swift in Sources */ = {isa = PBXBuildFile; fileRef = 6F969CCB2694735B005EF024 /* UITableViewCell+CellProtocol.swift */; };
		6F969CCF2694735C005EF024 /* UIViewController+Extension.swift in Sources */ = {isa = PBXBuildFile; fileRef = 6F969CCC2694735C005EF024 /* UIViewController+Extension.swift */; };
		6F969CD626947397005EF024 /* ErrorView.xib in Resources */ = {isa = PBXBuildFile; fileRef = 6F969CD026947396005EF024 /* ErrorView.xib */; };
		6F969CD726947397005EF024 /* RepositoryTableViewCell.swift in Sources */ = {isa = PBXBuildFile; fileRef = 6F969CD126947396005EF024 /* RepositoryTableViewCell.swift */; };
		6F969CD826947397005EF024 /* ImageProviderService.swift in Sources */ = {isa = PBXBuildFile; fileRef = 6F969CD226947397005EF024 /* ImageProviderService.swift */; };
		6F969CD926947397005EF024 /* ErrorView.swift in Sources */ = {isa = PBXBuildFile; fileRef = 6F969CD326947397005EF024 /* ErrorView.swift */; };
		6F969CDA26947397005EF024 /* ImageDownloader.swift in Sources */ = {isa = PBXBuildFile; fileRef = 6F969CD426947397005EF024 /* ImageDownloader.swift */; };
		6F969CDB26947397005EF024 /* RepositoryTableViewCell.xib in Resources */ = {isa = PBXBuildFile; fileRef = 6F969CD526947397005EF024 /* RepositoryTableViewCell.xib */; };
		6F969CDE269473B1005EF024 /* UIImageView+Extension.swift in Sources */ = {isa = PBXBuildFile; fileRef = 6F969CDC269473B1005EF024 /* UIImageView+Extension.swift */; };
		6F969CDF269473B1005EF024 /* UIView+nib.swift in Sources */ = {isa = PBXBuildFile; fileRef = 6F969CDD269473B1005EF024 /* UIView+nib.swift */; };
		6F969CED26974948005EF024 /* RepositoryViewController.swift in Sources */ = {isa = PBXBuildFile; fileRef = 6F969CEB26974948005EF024 /* RepositoryViewController.swift */; };
		6F969CEE26974948005EF024 /* RepositoryViewController.xib in Resources */ = {isa = PBXBuildFile; fileRef = 6F969CEC26974948005EF024 /* RepositoryViewController.xib */; };
		6F969CF02697530D005EF024 /* RepositoryConfigurator.swift in Sources */ = {isa = PBXBuildFile; fileRef = 6F969CEF2697530D005EF024 /* RepositoryConfigurator.swift */; };
		6F969CF226975360005EF024 /* RepositoryInteractor.swift in Sources */ = {isa = PBXBuildFile; fileRef = 6F969CF126975360005EF024 /* RepositoryInteractor.swift */; };
		6F969CF4269753D1005EF024 /* RepositoryPresenter.swift in Sources */ = {isa = PBXBuildFile; fileRef = 6F969CF3269753D1005EF024 /* RepositoryPresenter.swift */; };
		6F969CF626975D93005EF024 /* RepositoryModels.swift in Sources */ = {isa = PBXBuildFile; fileRef = 6F969CF526975D93005EF024 /* RepositoryModels.swift */; };
		6F969CFC2699A3AC005EF024 /* RepositoryRouter.swift in Sources */ = {isa = PBXBuildFile; fileRef = 6F969CFB2699A3AC005EF024 /* RepositoryRouter.swift */; };
		6F969CFF2699AF17005EF024 /* Throttler.swift in Sources */ = {isa = PBXBuildFile; fileRef = 6F969CFE2699AF17005EF024 /* Throttler.swift */; };
		6F969D022699B5B4005EF024 /* ImageProviderTests.swift in Sources */ = {isa = PBXBuildFile; fileRef = 6F969D002699B5B4005EF024 /* ImageProviderTests.swift */; };
		6F969D032699B5B4005EF024 /* ApiEndpointTests.swift in Sources */ = {isa = PBXBuildFile; fileRef = 6F969D012699B5B4005EF024 /* ApiEndpointTests.swift */; };
/* End PBXBuildFile section */

/* Begin PBXContainerItemProxy section */
		6F969C8D26944AC0005EF024 /* PBXContainerItemProxy */ = {
			isa = PBXContainerItemProxy;
			containerPortal = 6F969C6E26944ABB005EF024 /* Project object */;
			proxyType = 1;
			remoteGlobalIDString = 6F969C7526944ABB005EF024;
			remoteInfo = TrendingProjects;
		};
		6F969C9826944AC0005EF024 /* PBXContainerItemProxy */ = {
			isa = PBXContainerItemProxy;
			containerPortal = 6F969C6E26944ABB005EF024 /* Project object */;
			proxyType = 1;
			remoteGlobalIDString = 6F969C7526944ABB005EF024;
			remoteInfo = TrendingProjects;
		};
/* End PBXContainerItemProxy section */

/* Begin PBXFileReference section */
		6F969C7626944ABB005EF024 /* TrendingProjects.app */ = {isa = PBXFileReference; explicitFileType = wrapper.application; includeInIndex = 0; path = TrendingProjects.app; sourceTree = BUILT_PRODUCTS_DIR; };
		6F969C7926944ABB005EF024 /* AppDelegate.swift */ = {isa = PBXFileReference; lastKnownFileType = sourcecode.swift; path = AppDelegate.swift; sourceTree = "<group>"; };
		6F969C7B26944ABB005EF024 /* SceneDelegate.swift */ = {isa = PBXFileReference; lastKnownFileType = sourcecode.swift; path = SceneDelegate.swift; sourceTree = "<group>"; };
		6F969C7D26944ABB005EF024 /* MainViewController.swift */ = {isa = PBXFileReference; lastKnownFileType = sourcecode.swift; path = MainViewController.swift; sourceTree = "<group>"; };
		6F969C8026944ABB005EF024 /* Base */ = {isa = PBXFileReference; lastKnownFileType = file.storyboard; name = Base; path = Base.lproj/Main.storyboard; sourceTree = "<group>"; };
		6F969C8226944ABF005EF024 /* Assets.xcassets */ = {isa = PBXFileReference; lastKnownFileType = folder.assetcatalog; path = Assets.xcassets; sourceTree = "<group>"; };
		6F969C8526944ABF005EF024 /* Base */ = {isa = PBXFileReference; lastKnownFileType = file.storyboard; name = Base; path = Base.lproj/LaunchScreen.storyboard; sourceTree = "<group>"; };
		6F969C8726944ABF005EF024 /* Info.plist */ = {isa = PBXFileReference; lastKnownFileType = text.plist.xml; path = Info.plist; sourceTree = "<group>"; };
		6F969C8C26944AC0005EF024 /* TrendingProjectsTests.xctest */ = {isa = PBXFileReference; explicitFileType = wrapper.cfbundle; includeInIndex = 0; path = TrendingProjectsTests.xctest; sourceTree = BUILT_PRODUCTS_DIR; };
		6F969C9026944AC0005EF024 /* TrendingProjectsTests.swift */ = {isa = PBXFileReference; lastKnownFileType = sourcecode.swift; path = TrendingProjectsTests.swift; sourceTree = "<group>"; };
		6F969C9226944AC0005EF024 /* Info.plist */ = {isa = PBXFileReference; lastKnownFileType = text.plist.xml; path = Info.plist; sourceTree = "<group>"; };
		6F969C9726944AC0005EF024 /* TrendingProjectsUITests.xctest */ = {isa = PBXFileReference; explicitFileType = wrapper.cfbundle; includeInIndex = 0; path = TrendingProjectsUITests.xctest; sourceTree = BUILT_PRODUCTS_DIR; };
		6F969C9B26944AC0005EF024 /* TrendingProjectsUITests.swift */ = {isa = PBXFileReference; lastKnownFileType = sourcecode.swift; path = TrendingProjectsUITests.swift; sourceTree = "<group>"; };
		6F969C9D26944AC0005EF024 /* Info.plist */ = {isa = PBXFileReference; lastKnownFileType = text.plist.xml; path = Info.plist; sourceTree = "<group>"; };
		6F969CAE269472A6005EF024 /* TrendingProjectsModels.swift */ = {isa = PBXFileReference; fileEncoding = 4; lastKnownFileType = sourcecode.swift; path = TrendingProjectsModels.swift; sourceTree = "<group>"; };
		6F969CAF269472A6005EF024 /* TrendingProjectsPresenter.swift */ = {isa = PBXFileReference; fileEncoding = 4; lastKnownFileType = sourcecode.swift; path = TrendingProjectsPresenter.swift; sourceTree = "<group>"; };
		6F969CB0269472A6005EF024 /* TrendingProjectsViewController.swift */ = {isa = PBXFileReference; fileEncoding = 4; lastKnownFileType = sourcecode.swift; path = TrendingProjectsViewController.swift; sourceTree = "<group>"; };
		6F969CB1269472A6005EF024 /* TrendingProjectsConfigurator.swift */ = {isa = PBXFileReference; fileEncoding = 4; lastKnownFileType = sourcecode.swift; path = TrendingProjectsConfigurator.swift; sourceTree = "<group>"; };
		6F969CB2269472A6005EF024 /* TrendingProjectsRouter.swift */ = {isa = PBXFileReference; fileEncoding = 4; lastKnownFileType = sourcecode.swift; path = TrendingProjectsRouter.swift; sourceTree = "<group>"; };
		6F969CB3269472A6005EF024 /* TrendingProjectsInteractor.swift */ = {isa = PBXFileReference; fileEncoding = 4; lastKnownFileType = sourcecode.swift; path = TrendingProjectsInteractor.swift; sourceTree = "<group>"; };
		6F969CBA269472EC005EF024 /* RepositoryRepresentation.swift */ = {isa = PBXFileReference; fileEncoding = 4; lastKnownFileType = sourcecode.swift; path = RepositoryRepresentation.swift; sourceTree = "<group>"; };
		6F969CBC26947312005EF024 /* TrendingProjectsRequest.swift */ = {isa = PBXFileReference; fileEncoding = 4; lastKnownFileType = sourcecode.swift; path = TrendingProjectsRequest.swift; sourceTree = "<group>"; };
		6F969CBD26947312005EF024 /* APIClient.swift */ = {isa = PBXFileReference; fileEncoding = 4; lastKnownFileType = sourcecode.swift; path = APIClient.swift; sourceTree = "<group>"; };
		6F969CBE26947312005EF024 /* APIEndpoint.swift */ = {isa = PBXFileReference; fileEncoding = 4; lastKnownFileType = sourcecode.swift; path = APIEndpoint.swift; sourceTree = "<group>"; };
		6F969CBF26947312005EF024 /* TrendingProjectsAPIClient.swift */ = {isa = PBXFileReference; fileEncoding = 4; lastKnownFileType = sourcecode.swift; path = TrendingProjectsAPIClient.swift; sourceTree = "<group>"; };
		6F969CCA2694735B005EF024 /* UITableView+Extension.swift */ = {isa = PBXFileReference; fileEncoding = 4; lastKnownFileType = sourcecode.swift; path = "UITableView+Extension.swift"; sourceTree = "<group>"; };
		6F969CCB2694735B005EF024 /* UITableViewCell+CellProtocol.swift */ = {isa = PBXFileReference; fileEncoding = 4; lastKnownFileType = sourcecode.swift; path = "UITableViewCell+CellProtocol.swift"; sourceTree = "<group>"; };
		6F969CCC2694735C005EF024 /* UIViewController+Extension.swift */ = {isa = PBXFileReference; fileEncoding = 4; lastKnownFileType = sourcecode.swift; path = "UIViewController+Extension.swift"; sourceTree = "<group>"; };
		6F969CD026947396005EF024 /* ErrorView.xib */ = {isa = PBXFileReference; fileEncoding = 4; lastKnownFileType = file.xib; path = ErrorView.xib; sourceTree = "<group>"; };
		6F969CD126947396005EF024 /* RepositoryTableViewCell.swift */ = {isa = PBXFileReference; fileEncoding = 4; lastKnownFileType = sourcecode.swift; path = RepositoryTableViewCell.swift; sourceTree = "<group>"; };
		6F969CD226947397005EF024 /* ImageProviderService.swift */ = {isa = PBXFileReference; fileEncoding = 4; lastKnownFileType = sourcecode.swift; path = ImageProviderService.swift; sourceTree = "<group>"; };
		6F969CD326947397005EF024 /* ErrorView.swift */ = {isa = PBXFileReference; fileEncoding = 4; lastKnownFileType = sourcecode.swift; path = ErrorView.swift; sourceTree = "<group>"; };
		6F969CD426947397005EF024 /* ImageDownloader.swift */ = {isa = PBXFileReference; fileEncoding = 4; lastKnownFileType = sourcecode.swift; path = ImageDownloader.swift; sourceTree = "<group>"; };
		6F969CD526947397005EF024 /* RepositoryTableViewCell.xib */ = {isa = PBXFileReference; fileEncoding = 4; lastKnownFileType = file.xib; path = RepositoryTableViewCell.xib; sourceTree = "<group>"; };
		6F969CDC269473B1005EF024 /* UIImageView+Extension.swift */ = {isa = PBXFileReference; fileEncoding = 4; lastKnownFileType = sourcecode.swift; path = "UIImageView+Extension.swift"; sourceTree = "<group>"; };
		6F969CDD269473B1005EF024 /* UIView+nib.swift */ = {isa = PBXFileReference; fileEncoding = 4; lastKnownFileType = sourcecode.swift; path = "UIView+nib.swift"; sourceTree = "<group>"; };
		6F969CEB26974948005EF024 /* RepositoryViewController.swift */ = {isa = PBXFileReference; lastKnownFileType = sourcecode.swift; path = RepositoryViewController.swift; sourceTree = "<group>"; };
		6F969CEC26974948005EF024 /* RepositoryViewController.xib */ = {isa = PBXFileReference; lastKnownFileType = file.xib; path = RepositoryViewController.xib; sourceTree = "<group>"; };
		6F969CEF2697530D005EF024 /* RepositoryConfigurator.swift */ = {isa = PBXFileReference; lastKnownFileType = sourcecode.swift; path = RepositoryConfigurator.swift; sourceTree = "<group>"; };
		6F969CF126975360005EF024 /* RepositoryInteractor.swift */ = {isa = PBXFileReference; lastKnownFileType = sourcecode.swift; path = RepositoryInteractor.swift; sourceTree = "<group>"; };
		6F969CF3269753D1005EF024 /* RepositoryPresenter.swift */ = {isa = PBXFileReference; lastKnownFileType = sourcecode.swift; path = RepositoryPresenter.swift; sourceTree = "<group>"; };
		6F969CF526975D93005EF024 /* RepositoryModels.swift */ = {isa = PBXFileReference; lastKnownFileType = sourcecode.swift; path = RepositoryModels.swift; sourceTree = "<group>"; };
		6F969CFB2699A3AC005EF024 /* RepositoryRouter.swift */ = {isa = PBXFileReference; lastKnownFileType = sourcecode.swift; path = RepositoryRouter.swift; sourceTree = "<group>"; };
		6F969CFE2699AF17005EF024 /* Throttler.swift */ = {isa = PBXFileReference; lastKnownFileType = sourcecode.swift; path = Throttler.swift; sourceTree = "<group>"; };
		6F969D002699B5B4005EF024 /* ImageProviderTests.swift */ = {isa = PBXFileReference; fileEncoding = 4; lastKnownFileType = sourcecode.swift; path = ImageProviderTests.swift; sourceTree = "<group>"; };
		6F969D012699B5B4005EF024 /* ApiEndpointTests.swift */ = {isa = PBXFileReference; fileEncoding = 4; lastKnownFileType = sourcecode.swift; path = ApiEndpointTests.swift; sourceTree = "<group>"; };
/* End PBXFileReference section */

/* Begin PBXFrameworksBuildPhase section */
		6F969C7326944ABB005EF024 /* Frameworks */ = {
			isa = PBXFrameworksBuildPhase;
			buildActionMask = 2147483647;
			files = (
				6F969CAB2694523D005EF024 /* Alamofire in Frameworks */,
			);
			runOnlyForDeploymentPostprocessing = 0;
		};
		6F969C8926944AC0005EF024 /* Frameworks */ = {
			isa = PBXFrameworksBuildPhase;
			buildActionMask = 2147483647;
			files = (
			);
			runOnlyForDeploymentPostprocessing = 0;
		};
		6F969C9426944AC0005EF024 /* Frameworks */ = {
			isa = PBXFrameworksBuildPhase;
			buildActionMask = 2147483647;
			files = (
			);
			runOnlyForDeploymentPostprocessing = 0;
		};
/* End PBXFrameworksBuildPhase section */

/* Begin PBXGroup section */
		6F969C6D26944ABB005EF024 = {
			isa = PBXGroup;
			children = (
				6F969C7826944ABB005EF024 /* TrendingProjects */,
				6F969C8F26944AC0005EF024 /* TrendingProjectsTests */,
				6F969C9A26944AC0005EF024 /* TrendingProjectsUITests */,
				6F969C7726944ABB005EF024 /* Products */,
			);
			sourceTree = "<group>";
		};
		6F969C7726944ABB005EF024 /* Products */ = {
			isa = PBXGroup;
			children = (
				6F969C7626944ABB005EF024 /* TrendingProjects.app */,
				6F969C8C26944AC0005EF024 /* TrendingProjectsTests.xctest */,
				6F969C9726944AC0005EF024 /* TrendingProjectsUITests.xctest */,
			);
			name = Products;
			sourceTree = "<group>";
		};
		6F969C7826944ABB005EF024 /* TrendingProjects */ = {
			isa = PBXGroup;
			children = (
				6F969CFD2699AF09005EF024 /* Helpers */,
				6F969CE026947429005EF024 /* Views */,
				6F969CC52694732F005EF024 /* Extensions */,
				6F969CC42694731D005EF024 /* Network */,
				6F969CAC2694725D005EF024 /* Scenes */,
				6F969C7926944ABB005EF024 /* AppDelegate.swift */,
				6F969C7B26944ABB005EF024 /* SceneDelegate.swift */,
				6F969C8226944ABF005EF024 /* Assets.xcassets */,
				6F969C8426944ABF005EF024 /* LaunchScreen.storyboard */,
				6F969C8726944ABF005EF024 /* Info.plist */,
			);
			path = TrendingProjects;
			sourceTree = "<group>";
		};
		6F969C8F26944AC0005EF024 /* TrendingProjectsTests */ = {
			isa = PBXGroup;
			children = (
				6F969D012699B5B4005EF024 /* ApiEndpointTests.swift */,
				6F969D002699B5B4005EF024 /* ImageProviderTests.swift */,
				6F969C9026944AC0005EF024 /* TrendingProjectsTests.swift */,
				6F969C9226944AC0005EF024 /* Info.plist */,
			);
			path = TrendingProjectsTests;
			sourceTree = "<group>";
		};
		6F969C9A26944AC0005EF024 /* TrendingProjectsUITests */ = {
			isa = PBXGroup;
			children = (
				6F969C9B26944AC0005EF024 /* TrendingProjectsUITests.swift */,
				6F969C9D26944AC0005EF024 /* Info.plist */,
			);
			path = TrendingProjectsUITests;
			sourceTree = "<group>";
		};
		6F969CAC2694725D005EF024 /* Scenes */ = {
			isa = PBXGroup;
			children = (
				6F969CEA26974926005EF024 /* RepositoryScene */,
				6F969CE12694743C005EF024 /* MainScene */,
				6F969CAD2694726C005EF024 /* TrendingProjects */,
			);
			path = Scenes;
			sourceTree = "<group>";
		};
		6F969CAD2694726C005EF024 /* TrendingProjects */ = {
			isa = PBXGroup;
			children = (
				6F969CE3269481BC005EF024 /* View */,
				6F969CE226948157005EF024 /* Network */,
				6F969CB1269472A6005EF024 /* TrendingProjectsConfigurator.swift */,
				6F969CB3269472A6005EF024 /* TrendingProjectsInteractor.swift */,
				6F969CAF269472A6005EF024 /* TrendingProjectsPresenter.swift */,
				6F969CB2269472A6005EF024 /* TrendingProjectsRouter.swift */,
				6F969CAE269472A6005EF024 /* TrendingProjectsModels.swift */,
				6F969CB0269472A6005EF024 /* TrendingProjectsViewController.swift */,
			);
			path = TrendingProjects;
			sourceTree = "<group>";
		};
		6F969CC42694731D005EF024 /* Network */ = {
			isa = PBXGroup;
			children = (
				6F969CBD26947312005EF024 /* APIClient.swift */,
				6F969CD426947397005EF024 /* ImageDownloader.swift */,
				6F969CD226947397005EF024 /* ImageProviderService.swift */,
				6F969CBE26947312005EF024 /* APIEndpoint.swift */,
			);
			path = Network;
			sourceTree = "<group>";
		};
		6F969CC52694732F005EF024 /* Extensions */ = {
			isa = PBXGroup;
			children = (
				6F969CDC269473B1005EF024 /* UIImageView+Extension.swift */,
				6F969CDD269473B1005EF024 /* UIView+nib.swift */,
				6F969CCA2694735B005EF024 /* UITableView+Extension.swift */,
				6F969CCB2694735B005EF024 /* UITableViewCell+CellProtocol.swift */,
				6F969CCC2694735C005EF024 /* UIViewController+Extension.swift */,
			);
			path = Extensions;
			sourceTree = "<group>";
		};
		6F969CE026947429005EF024 /* Views */ = {
			isa = PBXGroup;
			children = (
				6F969CD326947397005EF024 /* ErrorView.swift */,
				6F969CD026947396005EF024 /* ErrorView.xib */,
			);
			path = Views;
			sourceTree = "<group>";
		};
		6F969CE12694743C005EF024 /* MainScene */ = {
			isa = PBXGroup;
			children = (
				6F969C7F26944ABB005EF024 /* Main.storyboard */,
				6F969C7D26944ABB005EF024 /* MainViewController.swift */,
			);
			path = MainScene;
			sourceTree = "<group>";
		};
		6F969CE226948157005EF024 /* Network */ = {
			isa = PBXGroup;
			children = (
				6F969CBC26947312005EF024 /* TrendingProjectsRequest.swift */,
				6F969CBF26947312005EF024 /* TrendingProjectsAPIClient.swift */,
				6F969CBA269472EC005EF024 /* RepositoryRepresentation.swift */,
			);
			path = Network;
			sourceTree = "<group>";
		};
		6F969CE3269481BC005EF024 /* View */ = {
			isa = PBXGroup;
			children = (
				6F969CD126947396005EF024 /* RepositoryTableViewCell.swift */,
				6F969CD526947397005EF024 /* RepositoryTableViewCell.xib */,
			);
			path = View;
			sourceTree = "<group>";
		};
		6F969CEA26974926005EF024 /* RepositoryScene */ = {
			isa = PBXGroup;
			children = (
				6F969CEB26974948005EF024 /* RepositoryViewController.swift */,
				6F969CEC26974948005EF024 /* RepositoryViewController.xib */,
				6F969CEF2697530D005EF024 /* RepositoryConfigurator.swift */,
				6F969CF126975360005EF024 /* RepositoryInteractor.swift */,
				6F969CF3269753D1005EF024 /* RepositoryPresenter.swift */,
				6F969CF526975D93005EF024 /* RepositoryModels.swift */,
				6F969CFB2699A3AC005EF024 /* RepositoryRouter.swift */,
			);
			path = RepositoryScene;
			sourceTree = "<group>";
		};
		6F969CFD2699AF09005EF024 /* Helpers */ = {
			isa = PBXGroup;
			children = (
				6F969CFE2699AF17005EF024 /* Throttler.swift */,
			);
			path = Helpers;
			sourceTree = "<group>";
		};
/* End PBXGroup section */

/* Begin PBXNativeTarget section */
		6F969C7526944ABB005EF024 /* TrendingProjects */ = {
			isa = PBXNativeTarget;
			buildConfigurationList = 6F969CA026944AC0005EF024 /* Build configuration list for PBXNativeTarget "TrendingProjects" */;
			buildPhases = (
				6F969C7226944ABB005EF024 /* Sources */,
				6F969C7326944ABB005EF024 /* Frameworks */,
				6F969C7426944ABB005EF024 /* Resources */,
			);
			buildRules = (
			);
			dependencies = (
			);
			name = TrendingProjects;
			packageProductDependencies = (
				6F969CAA2694523D005EF024 /* Alamofire */,
			);
			productName = TrendingProjects;
			productReference = 6F969C7626944ABB005EF024 /* TrendingProjects.app */;
			productType = "com.apple.product-type.application";
		};
		6F969C8B26944AC0005EF024 /* TrendingProjectsTests */ = {
			isa = PBXNativeTarget;
			buildConfigurationList = 6F969CA326944AC0005EF024 /* Build configuration list for PBXNativeTarget "TrendingProjectsTests" */;
			buildPhases = (
				6F969C8826944AC0005EF024 /* Sources */,
				6F969C8926944AC0005EF024 /* Frameworks */,
				6F969C8A26944AC0005EF024 /* Resources */,
			);
			buildRules = (
			);
			dependencies = (
				6F969C8E26944AC0005EF024 /* PBXTargetDependency */,
			);
			name = TrendingProjectsTests;
			productName = TrendingProjectsTests;
			productReference = 6F969C8C26944AC0005EF024 /* TrendingProjectsTests.xctest */;
			productType = "com.apple.product-type.bundle.unit-test";
		};
		6F969C9626944AC0005EF024 /* TrendingProjectsUITests */ = {
			isa = PBXNativeTarget;
			buildConfigurationList = 6F969CA626944AC0005EF024 /* Build configuration list for PBXNativeTarget "TrendingProjectsUITests" */;
			buildPhases = (
				6F969C9326944AC0005EF024 /* Sources */,
				6F969C9426944AC0005EF024 /* Frameworks */,
				6F969C9526944AC0005EF024 /* Resources */,
			);
			buildRules = (
			);
			dependencies = (
				6F969C9926944AC0005EF024 /* PBXTargetDependency */,
			);
			name = TrendingProjectsUITests;
			productName = TrendingProjectsUITests;
			productReference = 6F969C9726944AC0005EF024 /* TrendingProjectsUITests.xctest */;
			productType = "com.apple.product-type.bundle.ui-testing";
		};
/* End PBXNativeTarget section */

/* Begin PBXProject section */
		6F969C6E26944ABB005EF024 /* Project object */ = {
			isa = PBXProject;
			attributes = {
				LastSwiftUpdateCheck = 1250;
				LastUpgradeCheck = 1250;
				TargetAttributes = {
					6F969C7526944ABB005EF024 = {
						CreatedOnToolsVersion = 12.5;
					};
					6F969C8B26944AC0005EF024 = {
						CreatedOnToolsVersion = 12.5;
						TestTargetID = 6F969C7526944ABB005EF024;
					};
					6F969C9626944AC0005EF024 = {
						CreatedOnToolsVersion = 12.5;
						TestTargetID = 6F969C7526944ABB005EF024;
					};
				};
			};
			buildConfigurationList = 6F969C7126944ABB005EF024 /* Build configuration list for PBXProject "TrendingProjects" */;
			compatibilityVersion = "Xcode 9.3";
			developmentRegion = en;
			hasScannedForEncodings = 0;
			knownRegions = (
				en,
				Base,
			);
			mainGroup = 6F969C6D26944ABB005EF024;
			packageReferences = (
				6F969CA92694523D005EF024 /* XCRemoteSwiftPackageReference "Alamofire" */,
			);
			productRefGroup = 6F969C7726944ABB005EF024 /* Products */;
			projectDirPath = "";
			projectRoot = "";
			targets = (
				6F969C7526944ABB005EF024 /* TrendingProjects */,
				6F969C8B26944AC0005EF024 /* TrendingProjectsTests */,
				6F969C9626944AC0005EF024 /* TrendingProjectsUITests */,
			);
		};
/* End PBXProject section */

/* Begin PBXResourcesBuildPhase section */
		6F969C7426944ABB005EF024 /* Resources */ = {
			isa = PBXResourcesBuildPhase;
			buildActionMask = 2147483647;
			files = (
				6F969CDB26947397005EF024 /* RepositoryTableViewCell.xib in Resources */,
				6F969C8626944ABF005EF024 /* LaunchScreen.storyboard in Resources */,
				6F969C8326944ABF005EF024 /* Assets.xcassets in Resources */,
				6F969C8126944ABB005EF024 /* Main.storyboard in Resources */,
				6F969CEE26974948005EF024 /* RepositoryViewController.xib in Resources */,
				6F969CD626947397005EF024 /* ErrorView.xib in Resources */,
			);
			runOnlyForDeploymentPostprocessing = 0;
		};
		6F969C8A26944AC0005EF024 /* Resources */ = {
			isa = PBXResourcesBuildPhase;
			buildActionMask = 2147483647;
			files = (
			);
			runOnlyForDeploymentPostprocessing = 0;
		};
		6F969C9526944AC0005EF024 /* Resources */ = {
			isa = PBXResourcesBuildPhase;
			buildActionMask = 2147483647;
			files = (
			);
			runOnlyForDeploymentPostprocessing = 0;
		};
/* End PBXResourcesBuildPhase section */

/* Begin PBXSourcesBuildPhase section */
		6F969C7226944ABB005EF024 /* Sources */ = {
			isa = PBXSourcesBuildPhase;
			buildActionMask = 2147483647;
			files = (
				6F969CB4269472A6005EF024 /* TrendingProjectsModels.swift in Sources */,
				6F969CB8269472A6005EF024 /* TrendingProjectsRouter.swift in Sources */,
				6F969CF4269753D1005EF024 /* RepositoryPresenter.swift in Sources */,
				6F969CFC2699A3AC005EF024 /* RepositoryRouter.swift in Sources */,
				6F969CCD2694735C005EF024 /* UITableView+Extension.swift in Sources */,
				6F969CB5269472A6005EF024 /* TrendingProjectsPresenter.swift in Sources */,
				6F969CF02697530D005EF024 /* RepositoryConfigurator.swift in Sources */,
				6F969CCF2694735C005EF024 /* UIViewController+Extension.swift in Sources */,
				6F969CD826947397005EF024 /* ImageProviderService.swift in Sources */,
				6F969C7E26944ABB005EF024 /* MainViewController.swift in Sources */,
				6F969C7A26944ABB005EF024 /* AppDelegate.swift in Sources */,
				6F969CC226947312005EF024 /* APIEndpoint.swift in Sources */,
				6F969CCE2694735C005EF024 /* UITableViewCell+CellProtocol.swift in Sources */,
				6F969C7C26944ABB005EF024 /* SceneDelegate.swift in Sources */,
				6F969CD726947397005EF024 /* RepositoryTableViewCell.swift in Sources */,
				6F969CB6269472A6005EF024 /* TrendingProjectsViewController.swift in Sources */,
				6F969CB9269472A6005EF024 /* TrendingProjectsInteractor.swift in Sources */,
				6F969CC026947312005EF024 /* TrendingProjectsRequest.swift in Sources */,
				6F969CF226975360005EF024 /* RepositoryInteractor.swift in Sources */,
				6F969CD926947397005EF024 /* ErrorView.swift in Sources */,
				6F969CED26974948005EF024 /* RepositoryViewController.swift in Sources */,
				6F969CDA26947397005EF024 /* ImageDownloader.swift in Sources */,
				6F969CBB269472EC005EF024 /* RepositoryRepresentation.swift in Sources */,
				6F969CDE269473B1005EF024 /* UIImageView+Extension.swift in Sources */,
				6F969CB7269472A6005EF024 /* TrendingProjectsConfigurator.swift in Sources */,
				6F969CDF269473B1005EF024 /* UIView+nib.swift in Sources */,
				6F969CFF2699AF17005EF024 /* Throttler.swift in Sources */,
				6F969CF626975D93005EF024 /* RepositoryModels.swift in Sources */,
				6F969CC326947312005EF024 /* TrendingProjectsAPIClient.swift in Sources */,
				6F969CC126947312005EF024 /* APIClient.swift in Sources */,
			);
			runOnlyForDeploymentPostprocessing = 0;
		};
		6F969C8826944AC0005EF024 /* Sources */ = {
			isa = PBXSourcesBuildPhase;
			buildActionMask = 2147483647;
			files = (
				6F969D022699B5B4005EF024 /* ImageProviderTests.swift in Sources */,
				6F969D032699B5B4005EF024 /* ApiEndpointTests.swift in Sources */,
				6F969C9126944AC0005EF024 /* TrendingProjectsTests.swift in Sources */,
			);
			runOnlyForDeploymentPostprocessing = 0;
		};
		6F969C9326944AC0005EF024 /* Sources */ = {
			isa = PBXSourcesBuildPhase;
			buildActionMask = 2147483647;
			files = (
				6F969C9C26944AC0005EF024 /* TrendingProjectsUITests.swift in Sources */,
			);
			runOnlyForDeploymentPostprocessing = 0;
		};
/* End PBXSourcesBuildPhase section */

/* Begin PBXTargetDependency section */
		6F969C8E26944AC0005EF024 /* PBXTargetDependency */ = {
			isa = PBXTargetDependency;
			target = 6F969C7526944ABB005EF024 /* TrendingProjects */;
			targetProxy = 6F969C8D26944AC0005EF024 /* PBXContainerItemProxy */;
		};
		6F969C9926944AC0005EF024 /* PBXTargetDependency */ = {
			isa = PBXTargetDependency;
			target = 6F969C7526944ABB005EF024 /* TrendingProjects */;
			targetProxy = 6F969C9826944AC0005EF024 /* PBXContainerItemProxy */;
		};
/* End PBXTargetDependency section */

/* Begin PBXVariantGroup section */
		6F969C7F26944ABB005EF024 /* Main.storyboard */ = {
			isa = PBXVariantGroup;
			children = (
				6F969C8026944ABB005EF024 /* Base */,
			);
			name = Main.storyboard;
			sourceTree = "<group>";
		};
		6F969C8426944ABF005EF024 /* LaunchScreen.storyboard */ = {
			isa = PBXVariantGroup;
			children = (
				6F969C8526944ABF005EF024 /* Base */,
			);
			name = LaunchScreen.storyboard;
			sourceTree = "<group>";
		};
/* End PBXVariantGroup section */

/* Begin XCBuildConfiguration section */
		6F969C9E26944AC0005EF024 /* Debug */ = {
			isa = XCBuildConfiguration;
			buildSettings = {
				ALWAYS_SEARCH_USER_PATHS = NO;
				CLANG_ANALYZER_NONNULL = YES;
				CLANG_ANALYZER_NUMBER_OBJECT_CONVERSION = YES_AGGRESSIVE;
				CLANG_CXX_LANGUAGE_STANDARD = "gnu++14";
				CLANG_CXX_LIBRARY = "libc++";
				CLANG_ENABLE_MODULES = YES;
				CLANG_ENABLE_OBJC_ARC = YES;
				CLANG_ENABLE_OBJC_WEAK = YES;
				CLANG_WARN_BLOCK_CAPTURE_AUTORELEASING = YES;
				CLANG_WARN_BOOL_CONVERSION = YES;
				CLANG_WARN_COMMA = YES;
				CLANG_WARN_CONSTANT_CONVERSION = YES;
				CLANG_WARN_DEPRECATED_OBJC_IMPLEMENTATIONS = YES;
				CLANG_WARN_DIRECT_OBJC_ISA_USAGE = YES_ERROR;
				CLANG_WARN_DOCUMENTATION_COMMENTS = YES;
				CLANG_WARN_EMPTY_BODY = YES;
				CLANG_WARN_ENUM_CONVERSION = YES;
				CLANG_WARN_INFINITE_RECURSION = YES;
				CLANG_WARN_INT_CONVERSION = YES;
				CLANG_WARN_NON_LITERAL_NULL_CONVERSION = YES;
				CLANG_WARN_OBJC_IMPLICIT_RETAIN_SELF = YES;
				CLANG_WARN_OBJC_LITERAL_CONVERSION = YES;
				CLANG_WARN_OBJC_ROOT_CLASS = YES_ERROR;
				CLANG_WARN_QUOTED_INCLUDE_IN_FRAMEWORK_HEADER = YES;
				CLANG_WARN_RANGE_LOOP_ANALYSIS = YES;
				CLANG_WARN_STRICT_PROTOTYPES = YES;
				CLANG_WARN_SUSPICIOUS_MOVE = YES;
				CLANG_WARN_UNGUARDED_AVAILABILITY = YES_AGGRESSIVE;
				CLANG_WARN_UNREACHABLE_CODE = YES;
				CLANG_WARN__DUPLICATE_METHOD_MATCH = YES;
				COPY_PHASE_STRIP = NO;
				DEBUG_INFORMATION_FORMAT = dwarf;
				ENABLE_STRICT_OBJC_MSGSEND = YES;
				ENABLE_TESTABILITY = YES;
				GCC_C_LANGUAGE_STANDARD = gnu11;
				GCC_DYNAMIC_NO_PIC = NO;
				GCC_NO_COMMON_BLOCKS = YES;
				GCC_OPTIMIZATION_LEVEL = 0;
				GCC_PREPROCESSOR_DEFINITIONS = (
					"DEBUG=1",
					"$(inherited)",
				);
				GCC_WARN_64_TO_32_BIT_CONVERSION = YES;
				GCC_WARN_ABOUT_RETURN_TYPE = YES_ERROR;
				GCC_WARN_UNDECLARED_SELECTOR = YES;
				GCC_WARN_UNINITIALIZED_AUTOS = YES_AGGRESSIVE;
				GCC_WARN_UNUSED_FUNCTION = YES;
				GCC_WARN_UNUSED_VARIABLE = YES;
				IPHONEOS_DEPLOYMENT_TARGET = 13.0;
				MTL_ENABLE_DEBUG_INFO = INCLUDE_SOURCE;
				MTL_FAST_MATH = YES;
				ONLY_ACTIVE_ARCH = YES;
				SDKROOT = iphoneos;
				SWIFT_ACTIVE_COMPILATION_CONDITIONS = DEBUG;
				SWIFT_OPTIMIZATION_LEVEL = "-Onone";
			};
			name = Debug;
		};
		6F969C9F26944AC0005EF024 /* Release */ = {
			isa = XCBuildConfiguration;
			buildSettings = {
				ALWAYS_SEARCH_USER_PATHS = NO;
				CLANG_ANALYZER_NONNULL = YES;
				CLANG_ANALYZER_NUMBER_OBJECT_CONVERSION = YES_AGGRESSIVE;
				CLANG_CXX_LANGUAGE_STANDARD = "gnu++14";
				CLANG_CXX_LIBRARY = "libc++";
				CLANG_ENABLE_MODULES = YES;
				CLANG_ENABLE_OBJC_ARC = YES;
				CLANG_ENABLE_OBJC_WEAK = YES;
				CLANG_WARN_BLOCK_CAPTURE_AUTORELEASING = YES;
				CLANG_WARN_BOOL_CONVERSION = YES;
				CLANG_WARN_COMMA = YES;
				CLANG_WARN_CONSTANT_CONVERSION = YES;
				CLANG_WARN_DEPRECATED_OBJC_IMPLEMENTATIONS = YES;
				CLANG_WARN_DIRECT_OBJC_ISA_USAGE = YES_ERROR;
				CLANG_WARN_DOCUMENTATION_COMMENTS = YES;
				CLANG_WARN_EMPTY_BODY = YES;
				CLANG_WARN_ENUM_CONVERSION = YES;
				CLANG_WARN_INFINITE_RECURSION = YES;
				CLANG_WARN_INT_CONVERSION = YES;
				CLANG_WARN_NON_LITERAL_NULL_CONVERSION = YES;
				CLANG_WARN_OBJC_IMPLICIT_RETAIN_SELF = YES;
				CLANG_WARN_OBJC_LITERAL_CONVERSION = YES;
				CLANG_WARN_OBJC_ROOT_CLASS = YES_ERROR;
				CLANG_WARN_QUOTED_INCLUDE_IN_FRAMEWORK_HEADER = YES;
				CLANG_WARN_RANGE_LOOP_ANALYSIS = YES;
				CLANG_WARN_STRICT_PROTOTYPES = YES;
				CLANG_WARN_SUSPICIOUS_MOVE = YES;
				CLANG_WARN_UNGUARDED_AVAILABILITY = YES_AGGRESSIVE;
				CLANG_WARN_UNREACHABLE_CODE = YES;
				CLANG_WARN__DUPLICATE_METHOD_MATCH = YES;
				COPY_PHASE_STRIP = NO;
				DEBUG_INFORMATION_FORMAT = "dwarf-with-dsym";
				ENABLE_NS_ASSERTIONS = NO;
				ENABLE_STRICT_OBJC_MSGSEND = YES;
				GCC_C_LANGUAGE_STANDARD = gnu11;
				GCC_NO_COMMON_BLOCKS = YES;
				GCC_WARN_64_TO_32_BIT_CONVERSION = YES;
				GCC_WARN_ABOUT_RETURN_TYPE = YES_ERROR;
				GCC_WARN_UNDECLARED_SELECTOR = YES;
				GCC_WARN_UNINITIALIZED_AUTOS = YES_AGGRESSIVE;
				GCC_WARN_UNUSED_FUNCTION = YES;
				GCC_WARN_UNUSED_VARIABLE = YES;
				IPHONEOS_DEPLOYMENT_TARGET = 13.0;
				MTL_ENABLE_DEBUG_INFO = NO;
				MTL_FAST_MATH = YES;
				SDKROOT = iphoneos;
				SWIFT_COMPILATION_MODE = wholemodule;
				SWIFT_OPTIMIZATION_LEVEL = "-O";
				VALIDATE_PRODUCT = YES;
			};
			name = Release;
		};
		6F969CA126944AC0005EF024 /* Debug */ = {
			isa = XCBuildConfiguration;
			buildSettings = {
				ASSETCATALOG_COMPILER_APPICON_NAME = AppIcon;
				ASSETCATALOG_COMPILER_GLOBAL_ACCENT_COLOR_NAME = AccentColor;
				CODE_SIGN_STYLE = Automatic;
				DEVELOPMENT_TEAM = H8DT6V5F97;
				INFOPLIST_FILE = TrendingProjects/Info.plist;
				LD_RUNPATH_SEARCH_PATHS = (
					"$(inherited)",
					"@executable_path/Frameworks",
				);
				PRODUCT_BUNDLE_IDENTIFIER = com.elene.TrendingProjects;
				PRODUCT_NAME = "$(TARGET_NAME)";
				SWIFT_VERSION = 5.0;
				TARGETED_DEVICE_FAMILY = "1,2";
			};
			name = Debug;
		};
		6F969CA226944AC0005EF024 /* Release */ = {
			isa = XCBuildConfiguration;
			buildSettings = {
				ASSETCATALOG_COMPILER_APPICON_NAME = AppIcon;
				ASSETCATALOG_COMPILER_GLOBAL_ACCENT_COLOR_NAME = AccentColor;
				CODE_SIGN_STYLE = Automatic;
				DEVELOPMENT_TEAM = H8DT6V5F97;
				INFOPLIST_FILE = TrendingProjects/Info.plist;
				LD_RUNPATH_SEARCH_PATHS = (
					"$(inherited)",
					"@executable_path/Frameworks",
				);
				PRODUCT_BUNDLE_IDENTIFIER = com.elene.TrendingProjects;
				PRODUCT_NAME = "$(TARGET_NAME)";
				SWIFT_VERSION = 5.0;
				TARGETED_DEVICE_FAMILY = "1,2";
			};
			name = Release;
		};
		6F969CA426944AC0005EF024 /* Debug */ = {
			isa = XCBuildConfiguration;
			buildSettings = {
				ALWAYS_EMBED_SWIFT_STANDARD_LIBRARIES = YES;
				BUNDLE_LOADER = "$(TEST_HOST)";
				CODE_SIGN_STYLE = Automatic;
				DEVELOPMENT_TEAM = H8DT6V5F97;
				INFOPLIST_FILE = TrendingProjectsTests/Info.plist;
				IPHONEOS_DEPLOYMENT_TARGET = 14.5;
				LD_RUNPATH_SEARCH_PATHS = (
					"$(inherited)",
					"@executable_path/Frameworks",
					"@loader_path/Frameworks",
				);
				PRODUCT_BUNDLE_IDENTIFIER = com.elene.TrendingProjectsTests;
				PRODUCT_NAME = "$(TARGET_NAME)";
				SWIFT_VERSION = 5.0;
				TARGETED_DEVICE_FAMILY = "1,2";
				TEST_HOST = "$(BUILT_PRODUCTS_DIR)/TrendingProjects.app/TrendingProjects";
			};
			name = Debug;
		};
		6F969CA526944AC0005EF024 /* Release */ = {
			isa = XCBuildConfiguration;
			buildSettings = {
				ALWAYS_EMBED_SWIFT_STANDARD_LIBRARIES = YES;
				BUNDLE_LOADER = "$(TEST_HOST)";
				CODE_SIGN_STYLE = Automatic;
				DEVELOPMENT_TEAM = H8DT6V5F97;
				INFOPLIST_FILE = TrendingProjectsTests/Info.plist;
				IPHONEOS_DEPLOYMENT_TARGET = 14.5;
				LD_RUNPATH_SEARCH_PATHS = (
					"$(inherited)",
					"@executable_path/Frameworks",
					"@loader_path/Frameworks",
				);
				PRODUCT_BUNDLE_IDENTIFIER = com.elene.TrendingProjectsTests;
				PRODUCT_NAME = "$(TARGET_NAME)";
				SWIFT_VERSION = 5.0;
				TARGETED_DEVICE_FAMILY = "1,2";
				TEST_HOST = "$(BUILT_PRODUCTS_DIR)/TrendingProjects.app/TrendingProjects";
			};
			name = Release;
		};
		6F969CA726944AC0005EF024 /* Debug */ = {
			isa = XCBuildConfiguration;
			buildSettings = {
				ALWAYS_EMBED_SWIFT_STANDARD_LIBRARIES = YES;
				CODE_SIGN_STYLE = Automatic;
				DEVELOPMENT_TEAM = H8DT6V5F97;
				INFOPLIST_FILE = TrendingProjectsUITests/Info.plist;
				LD_RUNPATH_SEARCH_PATHS = (
					"$(inherited)",
					"@executable_path/Frameworks",
					"@loader_path/Frameworks",
				);
				PRODUCT_BUNDLE_IDENTIFIER = com.elene.TrendingProjectsUITests;
				PRODUCT_NAME = "$(TARGET_NAME)";
				SWIFT_VERSION = 5.0;
				TARGETED_DEVICE_FAMILY = "1,2";
				TEST_TARGET_NAME = TrendingProjects;
			};
			name = Debug;
		};
		6F969CA826944AC0005EF024 /* Release */ = {
			isa = XCBuildConfiguration;
			buildSettings = {
				ALWAYS_EMBED_SWIFT_STANDARD_LIBRARIES = YES;
				CODE_SIGN_STYLE = Automatic;
				DEVELOPMENT_TEAM = H8DT6V5F97;
				INFOPLIST_FILE = TrendingProjectsUITests/Info.plist;
				LD_RUNPATH_SEARCH_PATHS = (
					"$(inherited)",
					"@executable_path/Frameworks",
					"@loader_path/Frameworks",
				);
				PRODUCT_BUNDLE_IDENTIFIER = com.elene.TrendingProjectsUITests;
				PRODUCT_NAME = "$(TARGET_NAME)";
				SWIFT_VERSION = 5.0;
				TARGETED_DEVICE_FAMILY = "1,2";
				TEST_TARGET_NAME = TrendingProjects;
			};
			name = Release;
		};
/* End XCBuildConfiguration section */

/* Begin XCConfigurationList section */
		6F969C7126944ABB005EF024 /* Build configuration list for PBXProject "TrendingProjects" */ = {
			isa = XCConfigurationList;
			buildConfigurations = (
				6F969C9E26944AC0005EF024 /* Debug */,
				6F969C9F26944AC0005EF024 /* Release */,
			);
			defaultConfigurationIsVisible = 0;
			defaultConfigurationName = Release;
		};
		6F969CA026944AC0005EF024 /* Build configuration list for PBXNativeTarget "TrendingProjects" */ = {
			isa = XCConfigurationList;
			buildConfigurations = (
				6F969CA126944AC0005EF024 /* Debug */,
				6F969CA226944AC0005EF024 /* Release */,
			);
			defaultConfigurationIsVisible = 0;
			defaultConfigurationName = Release;
		};
		6F969CA326944AC0005EF024 /* Build configuration list for PBXNativeTarget "TrendingProjectsTests" */ = {
			isa = XCConfigurationList;
			buildConfigurations = (
				6F969CA426944AC0005EF024 /* Debug */,
				6F969CA526944AC0005EF024 /* Release */,
			);
			defaultConfigurationIsVisible = 0;
			defaultConfigurationName = Release;
		};
		6F969CA626944AC0005EF024 /* Build configuration list for PBXNativeTarget "TrendingProjectsUITests" */ = {
			isa = XCConfigurationList;
			buildConfigurations = (
				6F969CA726944AC0005EF024 /* Debug */,
				6F969CA826944AC0005EF024 /* Release */,
			);
			defaultConfigurationIsVisible = 0;
			defaultConfigurationName = Release;
		};
/* End XCConfigurationList section */

/* Begin XCRemoteSwiftPackageReference section */
		6F969CA92694523D005EF024 /* XCRemoteSwiftPackageReference "Alamofire" */ = {
			isa = XCRemoteSwiftPackageReference;
			repositoryURL = "https://github.com/Alamofire/Alamofire.git";
			requirement = {
				kind = upToNextMajorVersion;
				minimumVersion = 5.4.0;
			};
		};
/* End XCRemoteSwiftPackageReference section */

/* Begin XCSwiftPackageProductDependency section */
		6F969CAA2694523D005EF024 /* Alamofire */ = {
			isa = XCSwiftPackageProductDependency;
			package = 6F969CA92694523D005EF024 /* XCRemoteSwiftPackageReference "Alamofire" */;
			productName = Alamofire;
		};
/* End XCSwiftPackageProductDependency section */
	};
	rootObject = 6F969C6E26944ABB005EF024 /* Project object */;
}
